
Microsoft Visual Studio Solution File, Format Version 12.00
# Visual Studio 14
VisualStudioVersion = 14.0.25123.0
MinimumVisualStudioVersion = 10.0.40219.1
Project("{5B23681D-52C5-4963-9425-61F1E557940B}") = "Sitecore.Support.383553", "Sitecore.Support.383553\Sitecore.Support.383553.csproj", "{0F4920AF-82F8-4396-9575-40D97D9EC28D}"
EndProject
Global
	GlobalSection(SolutionConfigurationPlatforms) = preSolution
		Debug|Any CPU = Debug|Any CPU
		Release|Any CPU = Release|Any CPU
	EndGlobalSection
	GlobalSection(ProjectConfigurationPlatforms) = postSolution
		{0F4920AF-82F8-4396-9575-40D97D9EC28D}.Debug|Any CPU.ActiveCfg = Debug|Any CPU
		{0F4920AF-82F8-4396-9575-40D97D9EC28D}.Debug|Any CPU.Build.0 = Debug|Any CPU
		{0F4920AF-82F8-4396-9575-40D97D9EC28D}.Release|Any CPU.ActiveCfg = Release|Any CPU
		{0F4920AF-82F8-4396-9575-40D97D9EC28D}.Release|Any CPU.Build.0 = Release|Any CPU
	EndGlobalSection
	GlobalSection(SolutionProperties) = preSolution
		HideSolutionNode = FALSE
	EndGlobalSection
EndGlobal
